// !$*UTF8*$!
{
	archiveVersion = 1;
	classes = {
	};
	objectVersion = 56;
	objects = {

/* Begin PBXBuildFile section */
		7E19780F2A8E939000D0D43D /* WAC_SwiftUI_Machine_TestApp.swift in Sources */ = {isa = PBXBuildFile; fileRef = 7E19780E2A8E939000D0D43D /* WAC_SwiftUI_Machine_TestApp.swift */; };
		7E1978132A8E939200D0D43D /* Assets.xcassets in Resources */ = {isa = PBXBuildFile; fileRef = 7E1978122A8E939200D0D43D /* Assets.xcassets */; };
		7E1978162A8E939200D0D43D /* Preview Assets.xcassets in Resources */ = {isa = PBXBuildFile; fileRef = 7E1978152A8E939200D0D43D /* Preview Assets.xcassets */; };
		7E19781E2A8E975E00D0D43D /* HomeView.swift in Sources */ = {isa = PBXBuildFile; fileRef = 7E19781D2A8E975E00D0D43D /* HomeView.swift */; };
		7E1978202A8E97D200D0D43D /* HomeViewModel.swift in Sources */ = {isa = PBXBuildFile; fileRef = 7E19781F2A8E97D200D0D43D /* HomeViewModel.swift */; };
		7E1978222A8E981800D0D43D /* HomeModel.swift in Sources */ = {isa = PBXBuildFile; fileRef = 7E1978212A8E981800D0D43D /* HomeModel.swift */; };
		7E1978252A8E987800D0D43D /* String+Ext.swift in Sources */ = {isa = PBXBuildFile; fileRef = 7E1978242A8E987800D0D43D /* String+Ext.swift */; };
		7E1978282A8E98EC00D0D43D /* SearchBar.swift in Sources */ = {isa = PBXBuildFile; fileRef = 7E1978272A8E98EC00D0D43D /* SearchBar.swift */; };
		7E19782A2A8E992300D0D43D /* CategoryColletionView.swift in Sources */ = {isa = PBXBuildFile; fileRef = 7E1978292A8E992300D0D43D /* CategoryColletionView.swift */; };
		7E19782C2A8E995300D0D43D /* BannerScrollView.swift in Sources */ = {isa = PBXBuildFile; fileRef = 7E19782B2A8E995300D0D43D /* BannerScrollView.swift */; };
		7E19782E2A8E998D00D0D43D /* ProductCollectionView.swift in Sources */ = {isa = PBXBuildFile; fileRef = 7E19782D2A8E998D00D0D43D /* ProductCollectionView.swift */; };
		7EB05C8D2A8EA83B007544A9 /* DashboardView.swift in Sources */ = {isa = PBXBuildFile; fileRef = 7EB05C8C2A8EA83B007544A9 /* DashboardView.swift */; };
		7EB05C922A8EC3E5007544A9 /* Kingfisher in Frameworks */ = {isa = PBXBuildFile; productRef = 7EB05C912A8EC3E5007544A9 /* Kingfisher */; };
/* End PBXBuildFile section */

/* Begin PBXFileReference section */
		7E19780B2A8E939000D0D43D /* WAC_SwiftUI_Machine_Test.app */ = {isa = PBXFileReference; explicitFileType = wrapper.application; includeInIndex = 0; path = WAC_SwiftUI_Machine_Test.app; sourceTree = BUILT_PRODUCTS_DIR; };
		7E19780E2A8E939000D0D43D /* WAC_SwiftUI_Machine_TestApp.swift */ = {isa = PBXFileReference; lastKnownFileType = sourcecode.swift; path = WAC_SwiftUI_Machine_TestApp.swift; sourceTree = "<group>"; };
		7E1978122A8E939200D0D43D /* Assets.xcassets */ = {isa = PBXFileReference; lastKnownFileType = folder.assetcatalog; path = Assets.xcassets; sourceTree = "<group>"; };
		7E1978152A8E939200D0D43D /* Preview Assets.xcassets */ = {isa = PBXFileReference; lastKnownFileType = folder.assetcatalog; path = "Preview Assets.xcassets"; sourceTree = "<group>"; };
		7E19781D2A8E975E00D0D43D /* HomeView.swift */ = {isa = PBXFileReference; lastKnownFileType = sourcecode.swift; path = HomeView.swift; sourceTree = "<group>"; };
		7E19781F2A8E97D200D0D43D /* HomeViewModel.swift */ = {isa = PBXFileReference; lastKnownFileType = sourcecode.swift; path = HomeViewModel.swift; sourceTree = "<group>"; };
		7E1978212A8E981800D0D43D /* HomeModel.swift */ = {isa = PBXFileReference; lastKnownFileType = sourcecode.swift; path = HomeModel.swift; sourceTree = "<group>"; };
		7E1978242A8E987800D0D43D /* String+Ext.swift */ = {isa = PBXFileReference; lastKnownFileType = sourcecode.swift; path = "String+Ext.swift"; sourceTree = "<group>"; };
		7E1978272A8E98EC00D0D43D /* SearchBar.swift */ = {isa = PBXFileReference; lastKnownFileType = sourcecode.swift; path = SearchBar.swift; sourceTree = "<group>"; };
		7E1978292A8E992300D0D43D /* CategoryColletionView.swift */ = {isa = PBXFileReference; lastKnownFileType = sourcecode.swift; path = CategoryColletionView.swift; sourceTree = "<group>"; };
		7E19782B2A8E995300D0D43D /* BannerScrollView.swift */ = {isa = PBXFileReference; lastKnownFileType = sourcecode.swift; path = BannerScrollView.swift; sourceTree = "<group>"; };
		7E19782D2A8E998D00D0D43D /* ProductCollectionView.swift */ = {isa = PBXFileReference; lastKnownFileType = sourcecode.swift; path = ProductCollectionView.swift; sourceTree = "<group>"; };
		7EB05C8C2A8EA83B007544A9 /* DashboardView.swift */ = {isa = PBXFileReference; lastKnownFileType = sourcecode.swift; path = DashboardView.swift; sourceTree = "<group>"; };
/* End PBXFileReference section */

/* Begin PBXFrameworksBuildPhase section */
		7E1978082A8E939000D0D43D /* Frameworks */ = {
			isa = PBXFrameworksBuildPhase;
			buildActionMask = 2147483647;
			files = (
				7EB05C922A8EC3E5007544A9 /* Kingfisher in Frameworks */,
			);
			runOnlyForDeploymentPostprocessing = 0;
		};
/* End PBXFrameworksBuildPhase section */

/* Begin PBXGroup section */
		7E1978022A8E939000D0D43D = {
			isa = PBXGroup;
			children = (
				7E19780D2A8E939000D0D43D /* WAC_SwiftUI_Machine_Test */,
				7E19780C2A8E939000D0D43D /* Products */,
			);
			sourceTree = "<group>";
		};
		7E19780C2A8E939000D0D43D /* Products */ = {
			isa = PBXGroup;
			children = (
				7E19780B2A8E939000D0D43D /* WAC_SwiftUI_Machine_Test.app */,
			);
			name = Products;
			sourceTree = "<group>";
		};
		7E19780D2A8E939000D0D43D /* WAC_SwiftUI_Machine_Test */ = {
			isa = PBXGroup;
			children = (
				7EB05C8B2A8EA820007544A9 /* Dashboard */,
				7E1978262A8E98CE00D0D43D /* CustomViews */,
				7E1978232A8E986000D0D43D /* Constants */,
				7E19780E2A8E939000D0D43D /* WAC_SwiftUI_Machine_TestApp.swift */,
				7E19781C2A8E974100D0D43D /* Home */,
				7E1978122A8E939200D0D43D /* Assets.xcassets */,
				7E1978142A8E939200D0D43D /* Preview Content */,
			);
			path = WAC_SwiftUI_Machine_Test;
			sourceTree = "<group>";
		};
		7E1978142A8E939200D0D43D /* Preview Content */ = {
			isa = PBXGroup;
			children = (
				7E1978152A8E939200D0D43D /* Preview Assets.xcassets */,
			);
			path = "Preview Content";
			sourceTree = "<group>";
		};
		7E19781C2A8E974100D0D43D /* Home */ = {
			isa = PBXGroup;
			children = (
				7E19781D2A8E975E00D0D43D /* HomeView.swift */,
				7E19781F2A8E97D200D0D43D /* HomeViewModel.swift */,
				7E1978212A8E981800D0D43D /* HomeModel.swift */,
			);
			path = Home;
			sourceTree = "<group>";
		};
		7E1978232A8E986000D0D43D /* Constants */ = {
			isa = PBXGroup;
			children = (
				7E1978242A8E987800D0D43D /* String+Ext.swift */,
			);
			path = Constants;
			sourceTree = "<group>";
		};
		7E1978262A8E98CE00D0D43D /* CustomViews */ = {
			isa = PBXGroup;
			children = (
				7E1978272A8E98EC00D0D43D /* SearchBar.swift */,
				7E1978292A8E992300D0D43D /* CategoryColletionView.swift */,
				7E19782B2A8E995300D0D43D /* BannerScrollView.swift */,
				7E19782D2A8E998D00D0D43D /* ProductCollectionView.swift */,
			);
			path = CustomViews;
			sourceTree = "<group>";
		};
		7EB05C8B2A8EA820007544A9 /* Dashboard */ = {
			isa = PBXGroup;
			children = (
				7EB05C8C2A8EA83B007544A9 /* DashboardView.swift */,
			);
			path = Dashboard;
			sourceTree = "<group>";
		};
/* End PBXGroup section */

/* Begin PBXNativeTarget section */
		7E19780A2A8E939000D0D43D /* WAC_SwiftUI_Machine_Test */ = {
			isa = PBXNativeTarget;
			buildConfigurationList = 7E1978192A8E939200D0D43D /* Build configuration list for PBXNativeTarget "WAC_SwiftUI_Machine_Test" */;
			buildPhases = (
				7E1978072A8E939000D0D43D /* Sources */,
				7E1978082A8E939000D0D43D /* Frameworks */,
				7E1978092A8E939000D0D43D /* Resources */,
			);
			buildRules = (
			);
			dependencies = (
			);
			name = WAC_SwiftUI_Machine_Test;
			packageProductDependencies = (
				7EB05C912A8EC3E5007544A9 /* Kingfisher */,
			);
			productName = WAC_SwiftUI_Machine_Test;
			productReference = 7E19780B2A8E939000D0D43D /* WAC_SwiftUI_Machine_Test.app */;
			productType = "com.apple.product-type.application";
		};
/* End PBXNativeTarget section */

/* Begin PBXProject section */
		7E1978032A8E939000D0D43D /* Project object */ = {
			isa = PBXProject;
			attributes = {
				BuildIndependentTargetsInParallel = 1;
				LastSwiftUpdateCheck = 1430;
				LastUpgradeCheck = 1430;
				TargetAttributes = {
					7E19780A2A8E939000D0D43D = {
						CreatedOnToolsVersion = 14.3.1;
					};
				};
			};
			buildConfigurationList = 7E1978062A8E939000D0D43D /* Build configuration list for PBXProject "WAC_SwiftUI_Machine_Test" */;
			compatibilityVersion = "Xcode 14.0";
			developmentRegion = en;
			hasScannedForEncodings = 0;
			knownRegions = (
				en,
				Base,
			);
			mainGroup = 7E1978022A8E939000D0D43D;
			packageReferences = (
				7EB05C902A8EC3E5007544A9 /* XCRemoteSwiftPackageReference "Kingfisher" */,
			);
			productRefGroup = 7E19780C2A8E939000D0D43D /* Products */;
			projectDirPath = "";
			projectRoot = "";
			targets = (
				7E19780A2A8E939000D0D43D /* WAC_SwiftUI_Machine_Test */,
			);
		};
/* End PBXProject section */

/* Begin PBXResourcesBuildPhase section */
		7E1978092A8E939000D0D43D /* Resources */ = {
			isa = PBXResourcesBuildPhase;
			buildActionMask = 2147483647;
			files = (
				7E1978162A8E939200D0D43D /* Preview Assets.xcassets in Resources */,
				7E1978132A8E939200D0D43D /* Assets.xcassets in Resources */,
			);
			runOnlyForDeploymentPostprocessing = 0;
		};
/* End PBXResourcesBuildPhase section */

/* Begin PBXSourcesBuildPhase section */
		7E1978072A8E939000D0D43D /* Sources */ = {
			isa = PBXSourcesBuildPhase;
			buildActionMask = 2147483647;
			files = (
				7E1978222A8E981800D0D43D /* HomeModel.swift in Sources */,
				7E19782E2A8E998D00D0D43D /* ProductCollectionView.swift in Sources */,
				7E19782C2A8E995300D0D43D /* BannerScrollView.swift in Sources */,
				7E19780F2A8E939000D0D43D /* WAC_SwiftUI_Machine_TestApp.swift in Sources */,
				7E1978202A8E97D200D0D43D /* HomeViewModel.swift in Sources */,
				7E1978252A8E987800D0D43D /* String+Ext.swift in Sources */,
				7E19782A2A8E992300D0D43D /* CategoryColletionView.swift in Sources */,
				7EB05C8D2A8EA83B007544A9 /* DashboardView.swift in Sources */,
				7E19781E2A8E975E00D0D43D /* HomeView.swift in Sources */,
				7E1978282A8E98EC00D0D43D /* SearchBar.swift in Sources */,
			);
			runOnlyForDeploymentPostprocessing = 0;
		};
/* End PBXSourcesBuildPhase section */

/* Begin XCBuildConfiguration section */
		7E1978172A8E939200D0D43D /* Debug */ = {
			isa = XCBuildConfiguration;
			buildSettings = {
				ALWAYS_SEARCH_USER_PATHS = NO;
				CLANG_ANALYZER_NONNULL = YES;
				CLANG_ANALYZER_NUMBER_OBJECT_CONVERSION = YES_AGGRESSIVE;
				CLANG_CXX_LANGUAGE_STANDARD = "gnu++20";
				CLANG_ENABLE_MODULES = YES;
				CLANG_ENABLE_OBJC_ARC = YES;
				CLANG_ENABLE_OBJC_WEAK = YES;
				CLANG_WARN_BLOCK_CAPTURE_AUTORELEASING = YES;
				CLANG_WARN_BOOL_CONVERSION = YES;
				CLANG_WARN_COMMA = YES;
				CLANG_WARN_CONSTANT_CONVERSION = YES;
				CLANG_WARN_DEPRECATED_OBJC_IMPLEMENTATIONS = YES;
				CLANG_WARN_DIRECT_OBJC_ISA_USAGE = YES_ERROR;
				CLANG_WARN_DOCUMENTATION_COMMENTS = YES;
				CLANG_WARN_EMPTY_BODY = YES;
				CLANG_WARN_ENUM_CONVERSION = YES;
				CLANG_WARN_INFINITE_RECURSION = YES;
				CLANG_WARN_INT_CONVERSION = YES;
				CLANG_WARN_NON_LITERAL_NULL_CONVERSION = YES;
				CLANG_WARN_OBJC_IMPLICIT_RETAIN_SELF = YES;
				CLANG_WARN_OBJC_LITERAL_CONVERSION = YES;
				CLANG_WARN_OBJC_ROOT_CLASS = YES_ERROR;
				CLANG_WARN_QUOTED_INCLUDE_IN_FRAMEWORK_HEADER = YES;
				CLANG_WARN_RANGE_LOOP_ANALYSIS = YES;
				CLANG_WARN_STRICT_PROTOTYPES = YES;
				CLANG_WARN_SUSPICIOUS_MOVE = YES;
				CLANG_WARN_UNGUARDED_AVAILABILITY = YES_AGGRESSIVE;
				CLANG_WARN_UNREACHABLE_CODE = YES;
				CLANG_WARN__DUPLICATE_METHOD_MATCH = YES;
				COPY_PHASE_STRIP = NO;
				DEBUG_INFORMATION_FORMAT = dwarf;
				ENABLE_STRICT_OBJC_MSGSEND = YES;
				ENABLE_TESTABILITY = YES;
				GCC_C_LANGUAGE_STANDARD = gnu11;
				GCC_DYNAMIC_NO_PIC = NO;
				GCC_NO_COMMON_BLOCKS = YES;
				GCC_OPTIMIZATION_LEVEL = 0;
				GCC_PREPROCESSOR_DEFINITIONS = (
					"DEBUG=1",
					"$(inherited)",
				);
				GCC_WARN_64_TO_32_BIT_CONVERSION = YES;
				GCC_WARN_ABOUT_RETURN_TYPE = YES_ERROR;
				GCC_WARN_UNDECLARED_SELECTOR = YES;
				GCC_WARN_UNINITIALIZED_AUTOS = YES_AGGRESSIVE;
				GCC_WARN_UNUSED_FUNCTION = YES;
				GCC_WARN_UNUSED_VARIABLE = YES;
				IPHONEOS_DEPLOYMENT_TARGET = 16.4;
				MTL_ENABLE_DEBUG_INFO = INCLUDE_SOURCE;
				MTL_FAST_MATH = YES;
				ONLY_ACTIVE_ARCH = YES;
				SDKROOT = iphoneos;
				SWIFT_ACTIVE_COMPILATION_CONDITIONS = DEBUG;
				SWIFT_OPTIMIZATION_LEVEL = "-Onone";
			};
			name = Debug;
		};
		7E1978182A8E939200D0D43D /* Release */ = {
			isa = XCBuildConfiguration;
			buildSettings = {
				ALWAYS_SEARCH_USER_PATHS = NO;
				CLANG_ANALYZER_NONNULL = YES;
				CLANG_ANALYZER_NUMBER_OBJECT_CONVERSION = YES_AGGRESSIVE;
				CLANG_CXX_LANGUAGE_STANDARD = "gnu++20";
				CLANG_ENABLE_MODULES = YES;
				CLANG_ENABLE_OBJC_ARC = YES;
				CLANG_ENABLE_OBJC_WEAK = YES;
				CLANG_WARN_BLOCK_CAPTURE_AUTORELEASING = YES;
				CLANG_WARN_BOOL_CONVERSION = YES;
				CLANG_WARN_COMMA = YES;
				CLANG_WARN_CONSTANT_CONVERSION = YES;
				CLANG_WARN_DEPRECATED_OBJC_IMPLEMENTATIONS = YES;
				CLANG_WARN_DIRECT_OBJC_ISA_USAGE = YES_ERROR;
				CLANG_WARN_DOCUMENTATION_COMMENTS = YES;
				CLANG_WARN_EMPTY_BODY = YES;
				CLANG_WARN_ENUM_CONVERSION = YES;
				CLANG_WARN_INFINITE_RECURSION = YES;
				CLANG_WARN_INT_CONVERSION = YES;
				CLANG_WARN_NON_LITERAL_NULL_CONVERSION = YES;
				CLANG_WARN_OBJC_IMPLICIT_RETAIN_SELF = YES;
				CLANG_WARN_OBJC_LITERAL_CONVERSION = YES;
				CLANG_WARN_OBJC_ROOT_CLASS = YES_ERROR;
				CLANG_WARN_QUOTED_INCLUDE_IN_FRAMEWORK_HEADER = YES;
				CLANG_WARN_RANGE_LOOP_ANALYSIS = YES;
				CLANG_WARN_STRICT_PROTOTYPES = YES;
				CLANG_WARN_SUSPICIOUS_MOVE = YES;
				CLANG_WARN_UNGUARDED_AVAILABILITY = YES_AGGRESSIVE;
				CLANG_WARN_UNREACHABLE_CODE = YES;
				CLANG_WARN__DUPLICATE_METHOD_MATCH = YES;
				COPY_PHASE_STRIP = NO;
				DEBUG_INFORMATION_FORMAT = "dwarf-with-dsym";
				ENABLE_NS_ASSERTIONS = NO;
				ENABLE_STRICT_OBJC_MSGSEND = YES;
				GCC_C_LANGUAGE_STANDARD = gnu11;
				GCC_NO_COMMON_BLOCKS = YES;
				GCC_WARN_64_TO_32_BIT_CONVERSION = YES;
				GCC_WARN_ABOUT_RETURN_TYPE = YES_ERROR;
				GCC_WARN_UNDECLARED_SELECTOR = YES;
				GCC_WARN_UNINITIALIZED_AUTOS = YES_AGGRESSIVE;
				GCC_WARN_UNUSED_FUNCTION = YES;
				GCC_WARN_UNUSED_VARIABLE = YES;
				IPHONEOS_DEPLOYMENT_TARGET = 16.4;
				MTL_ENABLE_DEBUG_INFO = NO;
				MTL_FAST_MATH = YES;
				SDKROOT = iphoneos;
				SWIFT_COMPILATION_MODE = wholemodule;
				SWIFT_OPTIMIZATION_LEVEL = "-O";
				VALIDATE_PRODUCT = YES;
			};
			name = Release;
		};
		7E19781A2A8E939200D0D43D /* Debug */ = {
			isa = XCBuildConfiguration;
			buildSettings = {
				ASSETCATALOG_COMPILER_APPICON_NAME = AppIcon;
				ASSETCATALOG_COMPILER_GLOBAL_ACCENT_COLOR_NAME = AccentColor;
				CODE_SIGN_STYLE = Automatic;
				CURRENT_PROJECT_VERSION = 1;
				DEVELOPMENT_ASSET_PATHS = "\"WAC_SwiftUI_Machine_Test/Preview Content\"";
				DEVELOPMENT_TEAM = HXYDZUZACY;
				ENABLE_PREVIEWS = YES;
				GENERATE_INFOPLIST_FILE = YES;
				INFOPLIST_KEY_UIApplicationSceneManifest_Generation = YES;
				INFOPLIST_KEY_UIApplicationSupportsIndirectInputEvents = YES;
				INFOPLIST_KEY_UILaunchScreen_Generation = YES;
				INFOPLIST_KEY_UISupportedInterfaceOrientations_iPad = "UIInterfaceOrientationPortrait UIInterfaceOrientationPortraitUpsideDown UIInterfaceOrientationLandscapeLeft UIInterfaceOrientationLandscapeRight";
				INFOPLIST_KEY_UISupportedInterfaceOrientations_iPhone = "UIInterfaceOrientationPortrait UIInterfaceOrientationLandscapeLeft UIInterfaceOrientationLandscapeRight";
				LD_RUNPATH_SEARCH_PATHS = (
					"$(inherited)",
					"@executable_path/Frameworks",
				);
				MARKETING_VERSION = 1.0;
				PRODUCT_BUNDLE_IDENTIFIER = "cm.WAC-SwiftUI-Machine-Test";
				PRODUCT_NAME = "$(TARGET_NAME)";
				SWIFT_EMIT_LOC_STRINGS = YES;
				SWIFT_VERSION = 5.0;
				TARGETED_DEVICE_FAMILY = "1,2";
			};
			name = Debug;
		};
		7E19781B2A8E939200D0D43D /* Release */ = {
			isa = XCBuildConfiguration;
			buildSettings = {
				ASSETCATALOG_COMPILER_APPICON_NAME = AppIcon;
				ASSETCATALOG_COMPILER_GLOBAL_ACCENT_COLOR_NAME = AccentColor;
				CODE_SIGN_STYLE = Automatic;
				CURRENT_PROJECT_VERSION = 1;
				DEVELOPMENT_ASSET_PATHS = "\"WAC_SwiftUI_Machine_Test/Preview Content\"";
				DEVELOPMENT_TEAM = HXYDZUZACY;
				ENABLE_PREVIEWS = YES;
				GENERATE_INFOPLIST_FILE = YES;
				INFOPLIST_KEY_UIApplicationSceneManifest_Generation = YES;
				INFOPLIST_KEY_UIApplicationSupportsIndirectInputEvents = YES;
				INFOPLIST_KEY_UILaunchScreen_Generation = YES;
				INFOPLIST_KEY_UISupportedInterfaceOrientations_iPad = "UIInterfaceOrientationPortrait UIInterfaceOrientationPortraitUpsideDown UIInterfaceOrientationLandscapeLeft UIInterfaceOrientationLandscapeRight";
				INFOPLIST_KEY_UISupportedInterfaceOrientations_iPhone = "UIInterfaceOrientationPortrait UIInterfaceOrientationLandscapeLeft UIInterfaceOrientationLandscapeRight";
				LD_RUNPATH_SEARCH_PATHS = (
					"$(inherited)",
					"@executable_path/Frameworks",
				);
				MARKETING_VERSION = 1.0;
				PRODUCT_BUNDLE_IDENTIFIER = "cm.WAC-SwiftUI-Machine-Test";
				PRODUCT_NAME = "$(TARGET_NAME)";
				SWIFT_EMIT_LOC_STRINGS = YES;
				SWIFT_VERSION = 5.0;
				TARGETED_DEVICE_FAMILY = "1,2";
			};
			name = Release;
		};
/* End XCBuildConfiguration section */

/* Begin XCConfigurationList section */
		7E1978062A8E939000D0D43D /* Build configuration list for PBXProject "WAC_SwiftUI_Machine_Test" */ = {
			isa = XCConfigurationList;
			buildConfigurations = (
				7E1978172A8E939200D0D43D /* Debug */,
				7E1978182A8E939200D0D43D /* Release */,
			);
			defaultConfigurationIsVisible = 0;
			defaultConfigurationName = Release;
		};
		7E1978192A8E939200D0D43D /* Build configuration list for PBXNativeTarget "WAC_SwiftUI_Machine_Test" */ = {
			isa = XCConfigurationList;
			buildConfigurations = (
				7E19781A2A8E939200D0D43D /* Debug */,
				7E19781B2A8E939200D0D43D /* Release */,
			);
			defaultConfigurationIsVisible = 0;
			defaultConfigurationName = Release;
		};
/* End XCConfigurationList section */

/* Begin XCRemoteSwiftPackageReference section */
		7EB05C902A8EC3E5007544A9 /* XCRemoteSwiftPackageReference "Kingfisher" */ = {
			isa = XCRemoteSwiftPackageReference;
			repositoryURL = "https://github.com/onevcat/Kingfisher";
			requirement = {
				kind = upToNextMajorVersion;
				minimumVersion = 7.0.0;
			};
		};
/* End XCRemoteSwiftPackageReference section */

/* Begin XCSwiftPackageProductDependency section */
		7EB05C912A8EC3E5007544A9 /* Kingfisher */ = {
			isa = XCSwiftPackageProductDependency;
			package = 7EB05C902A8EC3E5007544A9 /* XCRemoteSwiftPackageReference "Kingfisher" */;
			productName = Kingfisher;
		};
/* End XCSwiftPackageProductDependency section */
	};
	rootObject = 7E1978032A8E939000D0D43D /* Project object */;
}
